
Microsoft Visual Studio Solution File, Format Version 12.00
# Visual Studio Version 16
VisualStudioVersion = 16.0.29728.190
MinimumVisualStudioVersion = 10.0.40219.1
Project("{FAE04EC0-301F-11D3-BF4B-00C04F79EFBC}") = "FileTransfer", "FileReciver\FileReciver.csproj", "{FC83A519-E65D-464E-A341-13ADBEC96AE3}"
EndProject
Project("{FAE04EC0-301F-11D3-BF4B-00C04F79EFBC}") = "FileSender", "FileSender\FileSender.csproj", "{73C9A07C-5168-4E11-9E3E-69E6F1A98A8E}"
EndProject
Global
	GlobalSection(SolutionConfigurationPlatforms) = preSolution
		Debug|Any CPU = Debug|Any CPU
		Release|Any CPU = Release|Any CPU
	EndGlobalSection
	GlobalSection(ProjectConfigurationPlatforms) = postSolution
		{FC83A519-E65D-464E-A341-13ADBEC96AE3}.Debug|Any CPU.ActiveCfg = Debug|Any CPU
		{FC83A519-E65D-464E-A341-13ADBEC96AE3}.Debug|Any CPU.Build.0 = Debug|Any CPU
		{FC83A519-E65D-464E-A341-13ADBEC96AE3}.Release|Any CPU.ActiveCfg = Release|Any CPU
		{FC83A519-E65D-464E-A341-13ADBEC96AE3}.Release|Any CPU.Build.0 = Release|Any CPU
		{73C9A07C-5168-4E11-9E3E-69E6F1A98A8E}.Debug|Any CPU.ActiveCfg = Debug|Any CPU
		{73C9A07C-5168-4E11-9E3E-69E6F1A98A8E}.Debug|Any CPU.Build.0 = Debug|Any CPU
		{73C9A07C-5168-4E11-9E3E-69E6F1A98A8E}.Release|Any CPU.ActiveCfg = Release|Any CPU
		{73C9A07C-5168-4E11-9E3E-69E6F1A98A8E}.Release|Any CPU.Build.0 = Release|Any CPU
	EndGlobalSection
	GlobalSection(SolutionProperties) = preSolution
		HideSolutionNode = FALSE
	EndGlobalSection
	GlobalSection(ExtensibilityGlobals) = postSolution
		SolutionGuid = {A423C51E-64C5-49DE-A61C-84F038A1258D}
	EndGlobalSection
EndGlobal
